
Microsoft Visual Studio Solution File, Format Version 12.00
# Visual Studio Version 17
VisualStudioVersion = 17.9.34902.65
MinimumVisualStudioVersion = 10.0.40219.1
Project("{FAE04EC0-301F-11D3-BF4B-00C04F79EFBC}") = "POST_SIMULACION", "POST_SIMULACION\POST_SIMULACION.csproj", "{A106E3C9-2360-4FA8-A4A0-0779A68FC0C3}"
EndProject
Global
	GlobalSection(SolutionConfigurationPlatforms) = preSolution
		Debug|Any CPU = Debug|Any CPU
		Release|Any CPU = Release|Any CPU
	EndGlobalSection
	GlobalSection(ProjectConfigurationPlatforms) = postSolution
		{A106E3C9-2360-4FA8-A4A0-0779A68FC0C3}.Debug|Any CPU.ActiveCfg = Debug|Any CPU
		{A106E3C9-2360-4FA8-A4A0-0779A68FC0C3}.Debug|Any CPU.Build.0 = Debug|Any CPU
		{A106E3C9-2360-4FA8-A4A0-0779A68FC0C3}.Release|Any CPU.ActiveCfg = Release|Any CPU
		{A106E3C9-2360-4FA8-A4A0-0779A68FC0C3}.Release|Any CPU.Build.0 = Release|Any CPU
	EndGlobalSection
	GlobalSection(SolutionProperties) = preSolution
		HideSolutionNode = FALSE
	EndGlobalSection
	GlobalSection(ExtensibilityGlobals) = postSolution
		SolutionGuid = {DD48B866-F0AD-4791-A4C8-6D35CAE4863A}
	EndGlobalSection
EndGlobal
